# THIS IS AN AUTOGENERATED FILE. DO NOT EDIT THIS FILE DIRECTLY.
# yarn lockfile v1


"@esbuild/aix-ppc64@0.25.4":
  version "0.25.4"
  resolved "https://registry.yarnpkg.com/@esbuild/aix-ppc64/-/aix-ppc64-0.25.4.tgz#830d6476cbbca0c005136af07303646b419f1162"
  integrity sha512-1VCICWypeQKhVbE9oW/sJaAmjLxhVqacdkvPLEjwlttjfwENRSClS8EjBz0KzRyFSCPDIkuXW34Je/vk7zdB7Q==

"@esbuild/android-arm64@0.25.4":
  version "0.25.4"
  resolved "https://registry.yarnpkg.com/@esbuild/android-arm64/-/android-arm64-0.25.4.tgz#d11d4fc299224e729e2190cacadbcc00e7a9fd67"
  integrity sha512-bBy69pgfhMGtCnwpC/x5QhfxAz/cBgQ9enbtwjf6V9lnPI/hMyT9iWpR1arm0l3kttTr4L0KSLpKmLp/ilKS9A==

"@esbuild/android-arm@0.25.4":
  version "0.25.4"
  resolved "https://registry.yarnpkg.com/@esbuild/android-arm/-/android-arm-0.25.4.tgz#5660bd25080553dd2a28438f2a401a29959bd9b1"
  integrity sha512-QNdQEps7DfFwE3hXiU4BZeOV68HHzYwGd0Nthhd3uCkkEKK7/R6MTgM0P7H7FAs5pU/DIWsviMmEGxEoxIZ+ZQ==

"@esbuild/android-x64@0.25.4":
  version "0.25.4"
  resolved "https://registry.yarnpkg.com/@esbuild/android-x64/-/android-x64-0.25.4.tgz#18ddde705bf984e8cd9efec54e199ac18bc7bee1"
  integrity sha512-TVhdVtQIFuVpIIR282btcGC2oGQoSfZfmBdTip2anCaVYcqWlZXGcdcKIUklfX2wj0JklNYgz39OBqh2cqXvcQ==

"@esbuild/darwin-arm64@0.25.4":
  version "0.25.4"
  resolved "https://registry.yarnpkg.com/@esbuild/darwin-arm64/-/darwin-arm64-0.25.4.tgz#b0b7fb55db8fc6f5de5a0207ae986eb9c4766e67"
  integrity sha512-Y1giCfM4nlHDWEfSckMzeWNdQS31BQGs9/rouw6Ub91tkK79aIMTH3q9xHvzH8d0wDru5Ci0kWB8b3up/nl16g==

"@esbuild/darwin-x64@0.25.4":
  version "0.25.4"
  resolved "https://registry.yarnpkg.com/@esbuild/darwin-x64/-/darwin-x64-0.25.4.tgz#e6813fdeba0bba356cb350a4b80543fbe66bf26f"
  integrity sha512-CJsry8ZGM5VFVeyUYB3cdKpd/H69PYez4eJh1W/t38vzutdjEjtP7hB6eLKBoOdxcAlCtEYHzQ/PJ/oU9I4u0A==

"@esbuild/freebsd-arm64@0.25.4":
  version "0.25.4"
  resolved "https://registry.yarnpkg.com/@esbuild/freebsd-arm64/-/freebsd-arm64-0.25.4.tgz#dc11a73d3ccdc308567b908b43c6698e850759be"
  integrity sha512-yYq+39NlTRzU2XmoPW4l5Ifpl9fqSk0nAJYM/V/WUGPEFfek1epLHJIkTQM6bBs1swApjO5nWgvr843g6TjxuQ==

"@esbuild/freebsd-x64@0.25.4":
  version "0.25.4"
  resolved "https://registry.yarnpkg.com/@esbuild/freebsd-x64/-/freebsd-x64-0.25.4.tgz#91da08db8bd1bff5f31924c57a81dab26e93a143"
  integrity sha512-0FgvOJ6UUMflsHSPLzdfDnnBBVoCDtBTVyn/MrWloUNvq/5SFmh13l3dvgRPkDihRxb77Y17MbqbCAa2strMQQ==

"@esbuild/linux-arm64@0.25.4":
  version "0.25.4"
  resolved "https://registry.yarnpkg.com/@esbuild/linux-arm64/-/linux-arm64-0.25.4.tgz#efc15e45c945a082708f9a9f73bfa8d4db49728a"
  integrity sha512-+89UsQTfXdmjIvZS6nUnOOLoXnkUTB9hR5QAeLrQdzOSWZvNSAXAtcRDHWtqAUtAmv7ZM1WPOOeSxDzzzMogiQ==

"@esbuild/linux-arm@0.25.4":
  version "0.25.4"
  resolved "https://registry.yarnpkg.com/@esbuild/linux-arm/-/linux-arm-0.25.4.tgz#9b93c3e54ac49a2ede6f906e705d5d906f6db9e8"
  integrity sha512-kro4c0P85GMfFYqW4TWOpvmF8rFShbWGnrLqlzp4X1TNWjRY3JMYUfDCtOxPKOIY8B0WC8HN51hGP4I4hz4AaQ==

"@esbuild/linux-ia32@0.25.4":
  version "0.25.4"
  resolved "https://registry.yarnpkg.com/@esbuild/linux-ia32/-/linux-ia32-0.25.4.tgz#be8ef2c3e1d99fca2d25c416b297d00360623596"
  integrity sha512-yTEjoapy8UP3rv8dB0ip3AfMpRbyhSN3+hY8mo/i4QXFeDxmiYbEKp3ZRjBKcOP862Ua4b1PDfwlvbuwY7hIGQ==

"@esbuild/linux-loong64@0.25.4":
  version "0.25.4"
  resolved "https://registry.yarnpkg.com/@esbuild/linux-loong64/-/linux-loong64-0.25.4.tgz#b0840a2707c3fc02eec288d3f9defa3827cd7a87"
  integrity sha512-NeqqYkrcGzFwi6CGRGNMOjWGGSYOpqwCjS9fvaUlX5s3zwOtn1qwg1s2iE2svBe4Q/YOG1q6875lcAoQK/F4VA==

"@esbuild/linux-mips64el@0.25.4":
  version "0.25.4"
  resolved "https://registry.yarnpkg.com/@esbuild/linux-mips64el/-/linux-mips64el-0.25.4.tgz#2a198e5a458c9f0e75881a4e63d26ba0cf9df39f"
  integrity sha512-IcvTlF9dtLrfL/M8WgNI/qJYBENP3ekgsHbYUIzEzq5XJzzVEV/fXY9WFPfEEXmu3ck2qJP8LG/p3Q8f7Zc2Xg==

"@esbuild/linux-ppc64@0.25.4":
  version "0.25.4"
  resolved "https://registry.yarnpkg.com/@esbuild/linux-ppc64/-/linux-ppc64-0.25.4.tgz#64f4ae0b923d7dd72fb860b9b22edb42007cf8f5"
  integrity sha512-HOy0aLTJTVtoTeGZh4HSXaO6M95qu4k5lJcH4gxv56iaycfz1S8GO/5Jh6X4Y1YiI0h7cRyLi+HixMR+88swag==

"@esbuild/linux-riscv64@0.25.4":
  version "0.25.4"
  resolved "https://registry.yarnpkg.com/@esbuild/linux-riscv64/-/linux-riscv64-0.25.4.tgz#fb2844b11fdddd39e29d291c7cf80f99b0d5158d"
  integrity sha512-i8JUDAufpz9jOzo4yIShCTcXzS07vEgWzyX3NH2G7LEFVgrLEhjwL3ajFE4fZI3I4ZgiM7JH3GQ7ReObROvSUA==

"@esbuild/linux-s390x@0.25.4":
  version "0.25.4"
  resolved "https://registry.yarnpkg.com/@esbuild/linux-s390x/-/linux-s390x-0.25.4.tgz#1466876e0aa3560c7673e63fdebc8278707bc750"
  integrity sha512-jFnu+6UbLlzIjPQpWCNh5QtrcNfMLjgIavnwPQAfoGx4q17ocOU9MsQ2QVvFxwQoWpZT8DvTLooTvmOQXkO51g==

"@esbuild/linux-x64@0.25.4":
  version "0.25.4"
  resolved "https://registry.yarnpkg.com/@esbuild/linux-x64/-/linux-x64-0.25.4.tgz#c10fde899455db7cba5f11b3bccfa0e41bf4d0cd"
  integrity sha512-6e0cvXwzOnVWJHq+mskP8DNSrKBr1bULBvnFLpc1KY+d+irZSgZ02TGse5FsafKS5jg2e4pbvK6TPXaF/A6+CA==

"@esbuild/netbsd-arm64@0.25.4":
  version "0.25.4"
  resolved "https://registry.yarnpkg.com/@esbuild/netbsd-arm64/-/netbsd-arm64-0.25.4.tgz#02e483fbcbe3f18f0b02612a941b77be76c111a4"
  integrity sha512-vUnkBYxZW4hL/ie91hSqaSNjulOnYXE1VSLusnvHg2u3jewJBz3YzB9+oCw8DABeVqZGg94t9tyZFoHma8gWZQ==

"@esbuild/netbsd-x64@0.25.4":
  version "0.25.4"
  resolved "https://registry.yarnpkg.com/@esbuild/netbsd-x64/-/netbsd-x64-0.25.4.tgz#ec401fb0b1ed0ac01d978564c5fc8634ed1dc2ed"
  integrity sha512-XAg8pIQn5CzhOB8odIcAm42QsOfa98SBeKUdo4xa8OvX8LbMZqEtgeWE9P/Wxt7MlG2QqvjGths+nq48TrUiKw==

"@esbuild/openbsd-arm64@0.25.4":
  version "0.25.4"
  resolved "https://registry.yarnpkg.com/@esbuild/openbsd-arm64/-/openbsd-arm64-0.25.4.tgz#f272c2f41cfea1d91b93d487a51b5c5ca7a8c8c4"
  integrity sha512-Ct2WcFEANlFDtp1nVAXSNBPDxyU+j7+tId//iHXU2f/lN5AmO4zLyhDcpR5Cz1r08mVxzt3Jpyt4PmXQ1O6+7A==

"@esbuild/openbsd-x64@0.25.4":
  version "0.25.4"
  resolved "https://registry.yarnpkg.com/@esbuild/openbsd-x64/-/openbsd-x64-0.25.4.tgz#2e25950bc10fa9db1e5c868e3d50c44f7c150fd7"
  integrity sha512-xAGGhyOQ9Otm1Xu8NT1ifGLnA6M3sJxZ6ixylb+vIUVzvvd6GOALpwQrYrtlPouMqd/vSbgehz6HaVk4+7Afhw==

"@esbuild/sunos-x64@0.25.4":
  version "0.25.4"
  resolved "https://registry.yarnpkg.com/@esbuild/sunos-x64/-/sunos-x64-0.25.4.tgz#cd596fa65a67b3b7adc5ecd52d9f5733832e1abd"
  integrity sha512-Mw+tzy4pp6wZEK0+Lwr76pWLjrtjmJyUB23tHKqEDP74R3q95luY/bXqXZeYl4NYlvwOqoRKlInQialgCKy67Q==

"@esbuild/win32-arm64@0.25.4":
  version "0.25.4"
  resolved "https://registry.yarnpkg.com/@esbuild/win32-arm64/-/win32-arm64-0.25.4.tgz#b4dbcb57b21eeaf8331e424c3999b89d8951dc88"
  integrity sha512-AVUP428VQTSddguz9dO9ngb+E5aScyg7nOeJDrF1HPYu555gmza3bDGMPhmVXL8svDSoqPCsCPjb265yG/kLKQ==

"@esbuild/win32-ia32@0.25.4":
  version "0.25.4"
  resolved "https://registry.yarnpkg.com/@esbuild/win32-ia32/-/win32-ia32-0.25.4.tgz#410842e5d66d4ece1757634e297a87635eb82f7a"
  integrity sha512-i1sW+1i+oWvQzSgfRcxxG2k4I9n3O9NRqy8U+uugaT2Dy7kLO9Y7wI72haOahxceMX8hZAzgGou1FhndRldxRg==

"@esbuild/win32-x64@0.25.4":
  version "0.25.4"
  resolved "https://registry.yarnpkg.com/@esbuild/win32-x64/-/win32-x64-0.25.4.tgz#0b17ec8a70b2385827d52314c1253160a0b9bacc"
  integrity sha512-nOT2vZNw6hJ+z43oP1SPea/G/6AbN6X+bGNhNuq8NtRHy4wsMhw765IKLNmnjek7GvjWBYQ8Q5VBoYTFg9y1UQ==

"@pixi/accessibility@7.4.3":
  version "7.4.3"
  resolved "https://registry.yarnpkg.com/@pixi/accessibility/-/accessibility-7.4.3.tgz#59d14a9886e853d4a469cf3d4256cb8e8ab9280d"
  integrity sha512-tCr0yeWpMe0yucFvEPidy5a7gVJGpTjqGrDpSEBYT/kbScfUwcoX49RrckCCCiXDlyO4WRh9lVVuHXTvqRLIMg==

"@pixi/app@7.4.3":
  version "7.4.3"
  resolved "https://registry.yarnpkg.com/@pixi/app/-/app-7.4.3.tgz#2e8b700c1467542136fa2d0836f1075469aae5ae"
  integrity sha512-opyWMuO0Ir8pf1DYUR++wAA6ZfNU+nIX2z95R2OD172HbcdhB4/HD7leLIIAny/LciEdMqlWEBhXK7N93YWbdg==

"@pixi/assets@7.4.3":
  version "7.4.3"
  resolved "https://registry.yarnpkg.com/@pixi/assets/-/assets-7.4.3.tgz#787ab12d64c9d6822312df970586a3361718bbe2"
  integrity sha512-StvjiJBSp/j9hHkGu8AFHNvwYUazXq64WhyhytztyDMRkg/l/cL7EcttY5T0qZNWlIpccdr60LUKrWDOuMpkiw==
  dependencies:
    "@types/css-font-loading-module" "^0.0.12"

"@pixi/color@7.4.3":
  version "7.4.3"
  resolved "https://registry.yarnpkg.com/@pixi/color/-/color-7.4.3.tgz#5637bdc0e4bf274bfc216c899d4367613be0d0dc"
  integrity sha512-a6R+bXKeXMDcRmjYQoBIK+v2EYqxSX49wcjAY579EYM/WrFKS98nSees6lqVUcLKrcQh2DT9srJHX7XMny3voQ==
  dependencies:
    "@pixi/colord" "^2.9.6"

"@pixi/colord@^2.9.6":
  version "2.9.6"
  resolved "https://registry.yarnpkg.com/@pixi/colord/-/colord-2.9.6.tgz#7e4e7851480da6fd3cef4e331f008d60be7e1204"
  integrity sha512-nezytU2pw587fQstUu1AsJZDVEynjskwOL+kibwcdxsMBFqPsFFNA7xl0ii/gXuDi6M0xj3mfRJj8pBSc2jCfA==

"@pixi/compressed-textures@7.4.3":
  version "7.4.3"
  resolved "https://registry.yarnpkg.com/@pixi/compressed-textures/-/compressed-textures-7.4.3.tgz#3d78b995fe0a1efb32a6e67932b6a227cfc985cd"
  integrity sha512-uJ3CC+lNX4HIxs6IxEESO50/0A1KxSVm6CO9UlkXzTsNj9ynmdy5BkJ1dzii7LCdqGcHIXHO01yvKuUbJBBQtw==

"@pixi/constants@7.4.3":
  version "7.4.3"
  resolved "https://registry.yarnpkg.com/@pixi/constants/-/constants-7.4.3.tgz#af758dae8fadbed16233c7bdf1358ebe268d4646"
  integrity sha512-QGmwJUNQy/vVEHzL6VGQvnwawLZ1wceZMI8HwJAT4/I2uAzbBeFDdmCS8WsTpSWLZjF/DszDc1D8BFp4pVJ5UQ==

"@pixi/core@7.4.3":
  version "7.4.3"
  resolved "https://registry.yarnpkg.com/@pixi/core/-/core-7.4.3.tgz#8230fa92e0036ec0fb5c1eea27dc140c78247edc"
  integrity sha512-5YDs11faWgVVTL8VZtLU05/Fl47vaP5Tnsbf+y/WRR0VSW3KhRRGTBU1J3Gdc2xEWbJhUK07KGP7eSZpvtPVgA==
  dependencies:
    "@pixi/color" "7.4.3"
    "@pixi/constants" "7.4.3"
    "@pixi/extensions" "7.4.3"
    "@pixi/math" "7.4.3"
    "@pixi/runner" "7.4.3"
    "@pixi/settings" "7.4.3"
    "@pixi/ticker" "7.4.3"
    "@pixi/utils" "7.4.3"

"@pixi/display@7.4.3":
  version "7.4.3"
  resolved "https://registry.yarnpkg.com/@pixi/display/-/display-7.4.3.tgz#af8cfa169d1a78c2470679419707384b07512365"
  integrity sha512-b5m2dAaoNAVdxz1oDaxl3XZ059NEOcNtGkxTOZ4EYCw/jcp9sZXkgSROHRzsGn4k+NugH7+9MP4Id2Z0kkdUhw==

"@pixi/events@7.4.3":
  version "7.4.3"
  resolved "https://registry.yarnpkg.com/@pixi/events/-/events-7.4.3.tgz#aae5c2925cac867c496f795a85ad54499fe6be76"
  integrity sha512-o3j/5Dxq6WDVS6eHfURB/cf/MP+NcsF/eC5PnbSHjXxJmDE7PoTVwLvxexm5uuvNRpFh/6/Fn0V8Vl4gV8sc8w==

"@pixi/extensions@7.4.3":
  version "7.4.3"
  resolved "https://registry.yarnpkg.com/@pixi/extensions/-/extensions-7.4.3.tgz#5d9e984bbef10cc5cf3ac1720bc023b57f633f64"
  integrity sha512-FhoiYkHQEDYHUE7wXhqfsTRz6KxLXjuMbSiAwnLb9uG1vAgp6q6qd6HEsf4X30YaZbLFY8a4KY6hFZWjF+4Fdw==

"@pixi/extract@7.4.3":
  version "7.4.3"
  resolved "https://registry.yarnpkg.com/@pixi/extract/-/extract-7.4.3.tgz#8a1094f390426bf9e2a4ec7a40707e75196927f3"
  integrity sha512-HNvGNrEVaeVsbcnIO1MsHpjZbTwo9nIlaOEBzDGcL6JWwzuB1RnzUke7WUCndCUt91sGUdvPnvgCvy9/NNFg3w==

"@pixi/filter-alpha@7.4.3":
  version "7.4.3"
  resolved "https://registry.yarnpkg.com/@pixi/filter-alpha/-/filter-alpha-7.4.3.tgz#0ec18eb862a89b817037760bfa11915551c406c6"
  integrity sha512-YFdUB1I53USQb+9TEhS849dV2KZhbnNGIoBbOSThUJfXQc4pDguIFWMagVToAQYgmZ4C4AtYfVjaSEELrMcCdA==

"@pixi/filter-blur@7.4.3":
  version "7.4.3"
  resolved "https://registry.yarnpkg.com/@pixi/filter-blur/-/filter-blur-7.4.3.tgz#94311e0d44946f1aa2df102d538fcc77c94011ea"
  integrity sha512-ZFzS9L/whdRbs5A/EUgF3yQaBcxNarmbuwaMgrfnpQ84mRczkGByqDLGToadiufyals07ufTrXBGRle9lbtEDA==

"@pixi/filter-color-matrix@7.4.3":
  version "7.4.3"
  resolved "https://registry.yarnpkg.com/@pixi/filter-color-matrix/-/filter-color-matrix-7.4.3.tgz#dba366262dc5fa850c2dec8feb5b9da60e491bfa"
  integrity sha512-TNu0h20SrzjUWIb5v19dAp1vPpqtG0w2XF9kIHN91bMNaf3R1jzhpWG6TtaVO9eo1IolWcEJLw38jIohyC+KNw==

"@pixi/filter-displacement@7.4.3":
  version "7.4.3"
  resolved "https://registry.yarnpkg.com/@pixi/filter-displacement/-/filter-displacement-7.4.3.tgz#d6cad8df91d8d7e7c8c6504ca7d9a73eea9ed432"
  integrity sha512-ax+cFA2mEnKgqf9F8qInpv09GNWzjwnASLETpwPXzWBtlAlNCeHV2tCv3+SlMdEKUkwG9sA7AmjjjC2JBUyt+Q==

"@pixi/filter-fxaa@7.4.3":
  version "7.4.3"
  resolved "https://registry.yarnpkg.com/@pixi/filter-fxaa/-/filter-fxaa-7.4.3.tgz#6ae88cd364f454643809b2d42309700e436e3683"
  integrity sha512-y9jhho5cCflhEsPtNqqsd+XJHsb+/ysht4rG/VHQ8Z6pScHYpbgiEpowryGq8uSMQQwx6zKNS2DPiXdiOHPZsg==

"@pixi/filter-noise@7.4.3":
  version "7.4.3"
  resolved "https://registry.yarnpkg.com/@pixi/filter-noise/-/filter-noise-7.4.3.tgz#ef6fb499a691ab0e0a11659e682de73588e92d43"
  integrity sha512-rwgSO3BKe1jW/P5CaOcfLKjfpl674aBEo/igi/3QLxA3ORhILNqWRsKkOwP8xF/ejI5NE4rMEkdv0LScbdGFhA==

"@pixi/graphics@7.4.3":
  version "7.4.3"
  resolved "https://registry.yarnpkg.com/@pixi/graphics/-/graphics-7.4.3.tgz#05bfabe34753e3747d7490cf7a672d0c7d417321"
  integrity sha512-wWLivD8/URb8A7X4TqCZGG39C91IE+aOuWY/z9NCz5Z6WvA/VWnsc5fLTlO+ggjGHgKF0cSucCXZfUe1wm0AOQ==

"@pixi/math@7.4.3":
  version "7.4.3"
  resolved "https://registry.yarnpkg.com/@pixi/math/-/math-7.4.3.tgz#e41ecf7c74da9433816e661b96fb5f6d7cc6352e"
  integrity sha512-/uJOVhR2DOZ+zgdI6Bs/CwcXT4bNRKsS+TqX3ekRIxPCwaLra+Qdm7aDxT5cTToDzdxbKL5+rwiLu3Y1egILDw==

"@pixi/mesh-extras@7.4.3":
  version "7.4.3"
  resolved "https://registry.yarnpkg.com/@pixi/mesh-extras/-/mesh-extras-7.4.3.tgz#b186c28a03c338ce7c27a1f44fc6bce78c2e2547"
  integrity sha512-EqpxpVZoTObyupxMSzuUsCGmWPQioW84n9EO9Ajawkk/HYA+qKFZ5viKiEThIUBYgv4Apn/7c0U3Feg7Ez4uQQ==

"@pixi/mesh@7.4.3":
  version "7.4.3"
  resolved "https://registry.yarnpkg.com/@pixi/mesh/-/mesh-7.4.3.tgz#1cfae4c32a3d5d53a956050113250d177779f1b0"
  integrity sha512-CikqFPtKvU3Zj986/MSoC8X39CWv5CEpiEW/tYp47p4tgQNDSkNWYnDiNYgb+4VX6pNsBrgX4DALLdTR17SlSA==

"@pixi/mixin-cache-as-bitmap@7.4.3":
  version "7.4.3"
  resolved "https://registry.yarnpkg.com/@pixi/mixin-cache-as-bitmap/-/mixin-cache-as-bitmap-7.4.3.tgz#4d9dddf4794048fd29a4e286df8d42658cf9ca35"
  integrity sha512-NgvDdgSgd2tfcTSc+SWF12JJjVVz5ZrkSlhX0idSp/LSako82AiFJlD2xqH9GUsEcA6sqBBlnu7nrGkPTHQdhA==

"@pixi/mixin-get-child-by-name@7.4.3":
  version "7.4.3"
  resolved "https://registry.yarnpkg.com/@pixi/mixin-get-child-by-name/-/mixin-get-child-by-name-7.4.3.tgz#192f6a2dc1655535f0b79ee0ca47fc066444d7d2"
  integrity sha512-HLhDxHwafQT+CxbqQx9w9ivJIyAOg9JJ/6m4fNymVuDWeuMGcxDxBD7DukdUYIieT+RD/RlxdPEmq8YoromlFA==

"@pixi/mixin-get-global-position@7.4.3":
  version "7.4.3"
  resolved "https://registry.yarnpkg.com/@pixi/mixin-get-global-position/-/mixin-get-global-position-7.4.3.tgz#26e33e0cf85be80738dc8bea8359030482a739b1"
  integrity sha512-k09kvkS379EypCIWgXMY7uiXtWk1BsaJyTYlV16Co0AsmNPdFd+wUozMx1xV6rxcGiWXsxr/1k9fbETuYkcXCQ==

"@pixi/particle-container@7.4.3":
  version "7.4.3"
  resolved "https://registry.yarnpkg.com/@pixi/particle-container/-/particle-container-7.4.3.tgz#7f6b862acde64f58cb29c3b2195f18109fd3ef7d"
  integrity sha512-0DfJF5C0XTfuI2FsLYvMKCOtqWjXWGOWfA6m4l0W/Ke/qw5zKIOEhgjPLw4qNRtOhmEfkVKJUGp66Ap/ya2YzA==

"@pixi/prepare@7.4.3":
  version "7.4.3"
  resolved "https://registry.yarnpkg.com/@pixi/prepare/-/prepare-7.4.3.tgz#755e991c99e45066ef9e4d575310ad764f0f5434"
  integrity sha512-OjJHGKXPzwP5OLKxBnTBnKMOktHynLvO0TQPqTYgNtmGQzY109mypCqM4M+s/V+uYmBo/T+sXvBahj98q/f1tA==

"@pixi/runner@7.4.3":
  version "7.4.3"
  resolved "https://registry.yarnpkg.com/@pixi/runner/-/runner-7.4.3.tgz#18dd26d656f44c6132a62b33101e5870c8a185ba"
  integrity sha512-TJyfp7y23u5vvRAyYhVSa7ytq0PdKSvPLXu4G3meoFh1oxTLHH6g/RIzLuxUAThPG2z7ftthuW3qWq6dRV+dhw==

"@pixi/settings@7.4.3":
  version "7.4.3"
  resolved "https://registry.yarnpkg.com/@pixi/settings/-/settings-7.4.3.tgz#bf833572d48bc5c751b04a9df6c1382068e6d5f8"
  integrity sha512-SmGK8smc0PxRB9nr0UJioEtE9hl4gvj9OedCvZx3bxBwA3omA5BmP3CyhQfN8XJ29+o2OUL01r3zAPVol4l4lA==
  dependencies:
    "@pixi/constants" "7.4.3"
    "@types/css-font-loading-module" "^0.0.12"
    ismobilejs "^1.1.0"

"@pixi/sprite-animated@7.4.3":
  version "7.4.3"
  resolved "https://registry.yarnpkg.com/@pixi/sprite-animated/-/sprite-animated-7.4.3.tgz#922ec3f494864597fed54bc9adfd72a9cb132653"
  integrity sha512-mw5YIec8KfO1Jv9qrDNvGoD7Dlmcgww5YlMtd+ARi7Zzo+6ziNw899LXtoaKX1+3BXdZbYNyJAx3C5r30NtwXA==

"@pixi/sprite-tiling@7.4.3":
  version "7.4.3"
  resolved "https://registry.yarnpkg.com/@pixi/sprite-tiling/-/sprite-tiling-7.4.3.tgz#2bf714192fe1e35409d8d39cbb57be79e5be788e"
  integrity sha512-kUa9cEcMsGXSIZoXA7LhW4oo0eWa30w0KYd7mZ0bqalBMfOcvsGZMN701Lc5lpE8URw+8yu5bnyGLbrxhWBTuw==

"@pixi/sprite@7.4.3":
  version "7.4.3"
  resolved "https://registry.yarnpkg.com/@pixi/sprite/-/sprite-7.4.3.tgz#edd9739f87c3eaa427a15ebdd58418a58a973888"
  integrity sha512-iNBrpOFF9nXDT6m2jcyYy6l/sRzklLDDck1eFHprHZwvNquY2nzRfh+RGBCecxhBcijiLJ3fsZN33fP0LDXkvw==

"@pixi/spritesheet@7.4.3":
  version "7.4.3"
  resolved "https://registry.yarnpkg.com/@pixi/spritesheet/-/spritesheet-7.4.3.tgz#30dcaa5991bc8c90c3e119ca97d1e127ff7eba08"
  integrity sha512-Ce4xZzUxUSKfiROUjjVCBYNLuCcDEWKJ822bSV9rkgVHItu3q04VnEww0DXO+9K0hKv4Ukjjk8aP6Pz0LgPm7A==

"@pixi/text-bitmap@7.4.3":
  version "7.4.3"
  resolved "https://registry.yarnpkg.com/@pixi/text-bitmap/-/text-bitmap-7.4.3.tgz#d6b12da608d860dc88a3595afe070f86af00e85d"
  integrity sha512-TnBocJm7f5nMAYwYcsojc62uCrOYauAGH26o3pNrlqmHDRDQ7FzPOGvkYZGYFREbUycloLSRlYpSy0FB9ZdV4Q==

"@pixi/text-html@7.4.3":
  version "7.4.3"
  resolved "https://registry.yarnpkg.com/@pixi/text-html/-/text-html-7.4.3.tgz#cf41ae1f8d97eab08ef5b3592b797890ce8c6e71"
  integrity sha512-nm9K9gjSZAU8ETwQZBE3kMGNdO1IzyghxoRTcJCWKhekiGDpUQhopfNhqieNZ7reVJpvhpFQWjbyaHDehndUaQ==

"@pixi/text@7.4.3":
  version "7.4.3"
  resolved "https://registry.yarnpkg.com/@pixi/text/-/text-7.4.3.tgz#02a75415202ee6f8453457abeb78c6de3cfa2f98"
  integrity sha512-IAF0iu04rPg3oiL0HZsEZI44fpJxq3UZ4xTmx8l1RyhhSXiElLvvSlSH57vt/BKMQZtCs+AqEit7yn8heK2+nQ==

"@pixi/ticker@7.4.3":
  version "7.4.3"
  resolved "https://registry.yarnpkg.com/@pixi/ticker/-/ticker-7.4.3.tgz#cca692563146823d7f51b8a44be7993d3c6ed203"
  integrity sha512-tHsAD0iOUb6QSGGw+c8cyRBvxsq/NlfzIFBZLEHhWZ+Bx4a0MmXup6I/yJDGmyPCYE+ctCcAfY13wKAzdiVFgQ==
  dependencies:
    "@pixi/extensions" "7.4.3"
    "@pixi/settings" "7.4.3"
    "@pixi/utils" "7.4.3"

"@pixi/utils@7.4.3":
  version "7.4.3"
  resolved "https://registry.yarnpkg.com/@pixi/utils/-/utils-7.4.3.tgz#72211f8e5e88eee1d8dc65ca92112c3d896c7451"
  integrity sha512-NO3Y9HAn2UKS1YdxffqsPp+kDpVm8XWvkZcS/E+rBzY9VTLnNOI7cawSRm+dacdET3a8Jad3aDKEDZ0HmAqAFA==
  dependencies:
    "@pixi/color" "7.4.3"
    "@pixi/constants" "7.4.3"
    "@pixi/settings" "7.4.3"
    "@types/earcut" "^2.1.0"
    earcut "^2.2.4"
    eventemitter3 "^4.0.0"
    url "^0.11.0"

"@rollup/rollup-android-arm-eabi@4.41.0":
  version "4.41.0"
  resolved "https://registry.yarnpkg.com/@rollup/rollup-android-arm-eabi/-/rollup-android-arm-eabi-4.41.0.tgz#9145b38faf3fbfe3ec557130110e772f797335aa"
  integrity sha512-KxN+zCjOYHGwCl4UCtSfZ6jrq/qi88JDUtiEFk8LELEHq2Egfc/FgW+jItZiOLRuQfb/3xJSgFuNPC9jzggX+A==

"@rollup/rollup-android-arm64@4.41.0":
  version "4.41.0"
  resolved "https://registry.yarnpkg.com/@rollup/rollup-android-arm64/-/rollup-android-arm64-4.41.0.tgz#d73d641c59e9d7827e5ce0af9dfbc168b95cce0f"
  integrity sha512-yDvqx3lWlcugozax3DItKJI5j05B0d4Kvnjx+5mwiUpWramVvmAByYigMplaoAQ3pvdprGCTCE03eduqE/8mPQ==

"@rollup/rollup-darwin-arm64@4.41.0":
  version "4.41.0"
  resolved "https://registry.yarnpkg.com/@rollup/rollup-darwin-arm64/-/rollup-darwin-arm64-4.41.0.tgz#45d9d71d941117c98e7a5e77f60f0bc682d27e82"
  integrity sha512-2KOU574vD3gzcPSjxO0eyR5iWlnxxtmW1F5CkNOHmMlueKNCQkxR6+ekgWyVnz6zaZihpUNkGxjsYrkTJKhkaw==

"@rollup/rollup-darwin-x64@4.41.0":
  version "4.41.0"
  resolved "https://registry.yarnpkg.com/@rollup/rollup-darwin-x64/-/rollup-darwin-x64-4.41.0.tgz#8d72fb5f81714cb43e90f263fb1674520cce3f2a"
  integrity sha512-gE5ACNSxHcEZyP2BA9TuTakfZvULEW4YAOtxl/A/YDbIir/wPKukde0BNPlnBiP88ecaN4BJI2TtAd+HKuZPQQ==

"@rollup/rollup-freebsd-arm64@4.41.0":
  version "4.41.0"
  resolved "https://registry.yarnpkg.com/@rollup/rollup-freebsd-arm64/-/rollup-freebsd-arm64-4.41.0.tgz#a52b58852c9cec9255e382a2f335b08bc8c6111d"
  integrity sha512-GSxU6r5HnWij7FoSo7cZg3l5GPg4HFLkzsFFh0N/b16q5buW1NAWuCJ+HMtIdUEi6XF0qH+hN0TEd78laRp7Dg==

"@rollup/rollup-freebsd-x64@4.41.0":
  version "4.41.0"
  resolved "https://registry.yarnpkg.com/@rollup/rollup-freebsd-x64/-/rollup-freebsd-x64-4.41.0.tgz#104511dc64612789ddda41d164ab07cdac84a6c1"
  integrity sha512-KGiGKGDg8qLRyOWmk6IeiHJzsN/OYxO6nSbT0Vj4MwjS2XQy/5emsmtoqLAabqrohbgLWJ5GV3s/ljdrIr8Qjg==

"@rollup/rollup-linux-arm-gnueabihf@4.41.0":
  version "4.41.0"
  resolved "https://registry.yarnpkg.com/@rollup/rollup-linux-arm-gnueabihf/-/rollup-linux-arm-gnueabihf-4.41.0.tgz#643e3ad19c93903201fde89abd76baaee725e6c2"
  integrity sha512-46OzWeqEVQyX3N2/QdiU/CMXYDH/lSHpgfBkuhl3igpZiaB3ZIfSjKuOnybFVBQzjsLwkus2mjaESy8H41SzvA==

"@rollup/rollup-linux-arm-musleabihf@4.41.0":
  version "4.41.0"
  resolved "https://registry.yarnpkg.com/@rollup/rollup-linux-arm-musleabihf/-/rollup-linux-arm-musleabihf-4.41.0.tgz#fdc6a595aec7b20c5bfdac81412028c56d734e63"
  integrity sha512-lfgW3KtQP4YauqdPpcUZHPcqQXmTmH4nYU0cplNeW583CMkAGjtImw4PKli09NFi2iQgChk4e9erkwlfYem6Lg==

"@rollup/rollup-linux-arm64-gnu@4.41.0":
  version "4.41.0"
  resolved "https://registry.yarnpkg.com/@rollup/rollup-linux-arm64-gnu/-/rollup-linux-arm64-gnu-4.41.0.tgz#c28620bcd385496bdbbc24920b21f9fcca9ecbfa"
  integrity sha512-nn8mEyzMbdEJzT7cwxgObuwviMx6kPRxzYiOl6o/o+ChQq23gfdlZcUNnt89lPhhz3BYsZ72rp0rxNqBSfqlqw==

"@rollup/rollup-linux-arm64-musl@4.41.0":
  version "4.41.0"
  resolved "https://registry.yarnpkg.com/@rollup/rollup-linux-arm64-musl/-/rollup-linux-arm64-musl-4.41.0.tgz#a6b71b1e8fa33bac9f65b6f879e8ed878035d120"
  integrity sha512-l+QK99je2zUKGd31Gh+45c4pGDAqZSuWQiuRFCdHYC2CSiO47qUWsCcenrI6p22hvHZrDje9QjwSMAFL3iwXwQ==

"@rollup/rollup-linux-loongarch64-gnu@4.41.0":
  version "4.41.0"
  resolved "https://registry.yarnpkg.com/@rollup/rollup-linux-loongarch64-gnu/-/rollup-linux-loongarch64-gnu-4.41.0.tgz#b06374601ce865a1110324b2f06db574d3a1b0e1"
  integrity sha512-WbnJaxPv1gPIm6S8O/Wg+wfE/OzGSXlBMbOe4ie+zMyykMOeqmgD1BhPxZQuDqwUN+0T/xOFtL2RUWBspnZj3w==

"@rollup/rollup-linux-powerpc64le-gnu@4.41.0":
  version "4.41.0"
  resolved "https://registry.yarnpkg.com/@rollup/rollup-linux-powerpc64le-gnu/-/rollup-linux-powerpc64le-gnu-4.41.0.tgz#8a2a1f6058c920889c2aff3753a20fead7a8cc26"
  integrity sha512-eRDWR5t67/b2g8Q/S8XPi0YdbKcCs4WQ8vklNnUYLaSWF+Cbv2axZsp4jni6/j7eKvMLYCYdcsv8dcU+a6QNFg==

"@rollup/rollup-linux-riscv64-gnu@4.41.0":
  version "4.41.0"
  resolved "https://registry.yarnpkg.com/@rollup/rollup-linux-riscv64-gnu/-/rollup-linux-riscv64-gnu-4.41.0.tgz#8ef6f680d011b95a2f6546c6c31a37a33138035f"
  integrity sha512-TWrZb6GF5jsEKG7T1IHwlLMDRy2f3DPqYldmIhnA2DVqvvhY2Ai184vZGgahRrg8k9UBWoSlHv+suRfTN7Ua4A==

"@rollup/rollup-linux-riscv64-musl@4.41.0":
  version "4.41.0"
  resolved "https://registry.yarnpkg.com/@rollup/rollup-linux-riscv64-musl/-/rollup-linux-riscv64-musl-4.41.0.tgz#9f4884c5955a7cd39b396f6e27aa59b3269988eb"
  integrity sha512-ieQljaZKuJpmWvd8gW87ZmSFwid6AxMDk5bhONJ57U8zT77zpZ/TPKkU9HpnnFrM4zsgr4kiGuzbIbZTGi7u9A==

"@rollup/rollup-linux-s390x-gnu@4.41.0":
  version "4.41.0"
  resolved "https://registry.yarnpkg.com/@rollup/rollup-linux-s390x-gnu/-/rollup-linux-s390x-gnu-4.41.0.tgz#5619303cc51994e3df404a497f42c79dc5efd6eb"
  integrity sha512-/L3pW48SxrWAlVsKCN0dGLB2bi8Nv8pr5S5ocSM+S0XCn5RCVCXqi8GVtHFsOBBCSeR+u9brV2zno5+mg3S4Aw==

"@rollup/rollup-linux-x64-gnu@4.41.0":
  version "4.41.0"
  resolved "https://registry.yarnpkg.com/@rollup/rollup-linux-x64-gnu/-/rollup-linux-x64-gnu-4.41.0.tgz#c3e42b66c04e25ad0f2a00beec42ede96ccc8983"
  integrity sha512-XMLeKjyH8NsEDCRptf6LO8lJk23o9wvB+dJwcXMaH6ZQbbkHu2dbGIUindbMtRN6ux1xKi16iXWu6q9mu7gDhQ==

"@rollup/rollup-linux-x64-musl@4.41.0":
  version "4.41.0"
  resolved "https://registry.yarnpkg.com/@rollup/rollup-linux-x64-musl/-/rollup-linux-x64-musl-4.41.0.tgz#8d3452de42aa72fc5fc3e5ad1eb0b68030742a25"
  integrity sha512-m/P7LycHZTvSQeXhFmgmdqEiTqSV80zn6xHaQ1JSqwCtD1YGtwEK515Qmy9DcB2HK4dOUVypQxvhVSy06cJPEg==

"@rollup/rollup-win32-arm64-msvc@4.41.0":
  version "4.41.0"
  resolved "https://registry.yarnpkg.com/@rollup/rollup-win32-arm64-msvc/-/rollup-win32-arm64-msvc-4.41.0.tgz#3b7bbd9f43f1c380061f306abce6f3f64de20306"
  integrity sha512-4yodtcOrFHpbomJGVEqZ8fzD4kfBeCbpsUy5Pqk4RluXOdsWdjLnjhiKy2w3qzcASWd04fp52Xz7JKarVJ5BTg==

"@rollup/rollup-win32-ia32-msvc@4.41.0":
  version "4.41.0"
  resolved "https://registry.yarnpkg.com/@rollup/rollup-win32-ia32-msvc/-/rollup-win32-ia32-msvc-4.41.0.tgz#e27ef5c40bbec49fac3d4e4b1618fbe4597b40e5"
  integrity sha512-tmazCrAsKzdkXssEc65zIE1oC6xPHwfy9d5Ta25SRCDOZS+I6RypVVShWALNuU9bxIfGA0aqrmzlzoM5wO5SPQ==

"@rollup/rollup-win32-x64-msvc@4.41.0":
  version "4.41.0"
  resolved "https://registry.yarnpkg.com/@rollup/rollup-win32-x64-msvc/-/rollup-win32-x64-msvc-4.41.0.tgz#b0b595ad4720259bbb81600750d26a655cac06be"
  integrity sha512-h1J+Yzjo/X+0EAvR2kIXJDuTuyT7drc+t2ALY0nIcGPbTatNOf0VWdhEA2Z4AAjv6X1NJV7SYo5oCTYRJhSlVA==

"@types/css-font-loading-module@^0.0.12":
  version "0.0.12"
  resolved "https://registry.yarnpkg.com/@types/css-font-loading-module/-/css-font-loading-module-0.0.12.tgz#65494833928823f998fbe8e86312821875d80db5"
  integrity sha512-x2tZZYkSxXqWvTDgveSynfjq/T2HyiZHXb00j/+gy19yp70PHCizM48XFdjBCWH7eHBD0R5i/pw9yMBP/BH5uA==

"@types/earcut@^2.1.0":
  version "2.1.4"
  resolved "https://registry.yarnpkg.com/@types/earcut/-/earcut-2.1.4.tgz#5811d7d333048f5a7573b22ddc84923e69596da6"
  integrity sha512-qp3m9PPz4gULB9MhjGID7wpo3gJ4bTGXm7ltNDsmOvsPduTeHp8wSW9YckBj3mljeOh4F0m2z/0JKAALRKbmLQ==

"@types/estree@1.0.7":
  version "1.0.7"
  resolved "https://registry.yarnpkg.com/@types/estree/-/estree-1.0.7.tgz#4158d3105276773d5b7695cd4834b1722e4f37a8"
  integrity sha512-w28IoSUCJpidD/TGviZwwMJckNESJZXFu7NBZ5YJ4mEUnNraUn9Pm8HSZm/jDF1pDWYKspWE7oVphigUPRakIQ==

"@types/node@^22.15.19":
  version "22.15.19"
  resolved "https://registry.yarnpkg.com/@types/node/-/node-22.15.19.tgz#ba9f321675243af0456d607fa82a4865931e0cef"
  integrity sha512-3vMNr4TzNQyjHcRZadojpRaD9Ofr6LsonZAoQ+HMUa/9ORTPoxVIw0e0mpqWpdjj8xybyCM+oKOUH2vwFu/oEw==
  dependencies:
    undici-types "~6.21.0"

call-bind-apply-helpers@^1.0.1, call-bind-apply-helpers@^1.0.2:
  version "1.0.2"
  resolved "https://registry.yarnpkg.com/call-bind-apply-helpers/-/call-bind-apply-helpers-1.0.2.tgz#4b5428c222be985d79c3d82657479dbe0b59b2d6"
  integrity sha512-Sp1ablJ0ivDkSzjcaJdxEunN5/XvksFJ2sMBFfq6x0ryhQV/2b/KwFe21cMpmHtPOSij8K99/wSfoEuTObmuMQ==
  dependencies:
    es-errors "^1.3.0"
    function-bind "^1.1.2"

call-bound@^1.0.2:
  version "1.0.4"
  resolved "https://registry.yarnpkg.com/call-bound/-/call-bound-1.0.4.tgz#238de935d2a2a692928c538c7ccfa91067fd062a"
  integrity sha512-+ys997U96po4Kx/ABpBCqhA9EuxJaQWDQg7295H4hBphv3IZg0boBKuwYpt4YXp6MZ5AmZQnU/tyMTlRpaSejg==
  dependencies:
    call-bind-apply-helpers "^1.0.2"
    get-intrinsic "^1.3.0"

dunder-proto@^1.0.1:
  version "1.0.1"
  resolved "https://registry.yarnpkg.com/dunder-proto/-/dunder-proto-1.0.1.tgz#d7ae667e1dc83482f8b70fd0f6eefc50da30f58a"
  integrity sha512-KIN/nDJBQRcXw0MLVhZE9iQHmG68qAVIBg9CqmUYjmQIhgij9U5MFvrqkUL5FbtyyzZuOeOt0zdeRe4UY7ct+A==
  dependencies:
    call-bind-apply-helpers "^1.0.1"
    es-errors "^1.3.0"
    gopd "^1.2.0"

earcut@^2.2.4:
  version "2.2.4"
  resolved "https://registry.yarnpkg.com/earcut/-/earcut-2.2.4.tgz#6d02fd4d68160c114825d06890a92ecaae60343a"
  integrity sha512-/pjZsA1b4RPHbeWZQn66SWS8nZZWLQQ23oE3Eam7aroEFGEvwKAsJfZ9ytiEMycfzXWpca4FA9QIOehf7PocBQ==

es-define-property@^1.0.1:
  version "1.0.1"
  resolved "https://registry.yarnpkg.com/es-define-property/-/es-define-property-1.0.1.tgz#983eb2f9a6724e9303f61addf011c72e09e0b0fa"
  integrity sha512-e3nRfgfUZ4rNGL232gUgX06QNyyez04KdjFrF+LTRoOXmrOgFKDg4BCdsjW8EnT69eqdYGmRpJwiPVYNrCaW3g==

es-errors@^1.3.0:
  version "1.3.0"
  resolved "https://registry.yarnpkg.com/es-errors/-/es-errors-1.3.0.tgz#05f75a25dab98e4fb1dcd5e1472c0546d5057c8f"
  integrity sha512-Zf5H2Kxt2xjTvbJvP2ZWLEICxA6j+hAmMzIlypy4xcBg1vKVnx89Wy0GbS+kf5cwCVFFzdCFh2XSCFNULS6csw==

es-object-atoms@^1.0.0, es-object-atoms@^1.1.1:
  version "1.1.1"
  resolved "https://registry.yarnpkg.com/es-object-atoms/-/es-object-atoms-1.1.1.tgz#1c4f2c4837327597ce69d2ca190a7fdd172338c1"
  integrity sha512-FGgH2h8zKNim9ljj7dankFPcICIK9Cp5bm+c2gQSYePhpaG5+esrLODihIorn+Pe6FGJzWhXQotPv73jTaldXA==
  dependencies:
    es-errors "^1.3.0"

esbuild@^0.25.0:
  version "0.25.4"
  resolved "https://registry.yarnpkg.com/esbuild/-/esbuild-0.25.4.tgz#bb9a16334d4ef2c33c7301a924b8b863351a0854"
  integrity sha512-8pgjLUcUjcgDg+2Q4NYXnPbo/vncAY4UmyaCm0jZevERqCHZIaWwdJHkf8XQtu4AxSKCdvrUbT0XUr1IdZzI8Q==
  optionalDependencies:
    "@esbuild/aix-ppc64" "0.25.4"
    "@esbuild/android-arm" "0.25.4"
    "@esbuild/android-arm64" "0.25.4"
    "@esbuild/android-x64" "0.25.4"
    "@esbuild/darwin-arm64" "0.25.4"
    "@esbuild/darwin-x64" "0.25.4"
    "@esbuild/freebsd-arm64" "0.25.4"
    "@esbuild/freebsd-x64" "0.25.4"
    "@esbuild/linux-arm" "0.25.4"
    "@esbuild/linux-arm64" "0.25.4"
    "@esbuild/linux-ia32" "0.25.4"
    "@esbuild/linux-loong64" "0.25.4"
    "@esbuild/linux-mips64el" "0.25.4"
    "@esbuild/linux-ppc64" "0.25.4"
    "@esbuild/linux-riscv64" "0.25.4"
    "@esbuild/linux-s390x" "0.25.4"
    "@esbuild/linux-x64" "0.25.4"
    "@esbuild/netbsd-arm64" "0.25.4"
    "@esbuild/netbsd-x64" "0.25.4"
    "@esbuild/openbsd-arm64" "0.25.4"
    "@esbuild/openbsd-x64" "0.25.4"
    "@esbuild/sunos-x64" "0.25.4"
    "@esbuild/win32-arm64" "0.25.4"
    "@esbuild/win32-ia32" "0.25.4"
    "@esbuild/win32-x64" "0.25.4"

eventemitter3@^4.0.0:
  version "4.0.7"
  resolved "https://registry.yarnpkg.com/eventemitter3/-/eventemitter3-4.0.7.tgz#2de9b68f6528d5644ef5c59526a1b4a07306169f"
  integrity sha512-8guHBZCwKnFhYdHr2ysuRWErTwhoN2X8XELRlrRwpmfeY2jjuUN4taQMsULKUVo1K4DvZl+0pgfyoysHxvmvEw==

fdir@^6.4.4:
  version "6.4.4"
  resolved "https://registry.yarnpkg.com/fdir/-/fdir-6.4.4.tgz#1cfcf86f875a883e19a8fab53622cfe992e8d2f9"
  integrity sha512-1NZP+GK4GfuAv3PqKvxQRDMjdSRZjnkq7KfhlNrCNNlZ0ygQFpebfrnfnq/W7fpUnAv9aGWmY1zKx7FYL3gwhg==

fsevents@~2.3.2, fsevents@~2.3.3:
  version "2.3.3"
  resolved "https://registry.yarnpkg.com/fsevents/-/fsevents-2.3.3.tgz#cac6407785d03675a2a5e1a5305c697b347d90d6"
  integrity sha512-5xoDfX+fL7faATnagmWPpbFtwh/R77WmMMqqHGS65C3vvB0YHrgF+B1YmZ3441tMj5n63k0212XNoJwzlhffQw==

function-bind@^1.1.2:
  version "1.1.2"
  resolved "https://registry.yarnpkg.com/function-bind/-/function-bind-1.1.2.tgz#2c02d864d97f3ea6c8830c464cbd11ab6eab7a1c"
  integrity sha512-7XHNxH7qX9xG5mIwxkhumTox/MIRNcOgDrxWsMt2pAr23WHp6MrRlN7FBSFpCpr+oVO0F744iUgR82nJMfG2SA==

get-intrinsic@^1.2.5, get-intrinsic@^1.3.0:
  version "1.3.0"
  resolved "https://registry.yarnpkg.com/get-intrinsic/-/get-intrinsic-1.3.0.tgz#743f0e3b6964a93a5491ed1bffaae054d7f98d01"
  integrity sha512-9fSjSaos/fRIVIp+xSJlE6lfwhES7LNtKaCBIamHsjr2na1BiABJPo0mOjjz8GJDURarmCPGqaiVg5mfjb98CQ==
  dependencies:
    call-bind-apply-helpers "^1.0.2"
    es-define-property "^1.0.1"
    es-errors "^1.3.0"
    es-object-atoms "^1.1.1"
    function-bind "^1.1.2"
    get-proto "^1.0.1"
    gopd "^1.2.0"
    has-symbols "^1.1.0"
    hasown "^2.0.2"
    math-intrinsics "^1.1.0"

get-proto@^1.0.1:
  version "1.0.1"
  resolved "https://registry.yarnpkg.com/get-proto/-/get-proto-1.0.1.tgz#150b3f2743869ef3e851ec0c49d15b1d14d00ee1"
  integrity sha512-sTSfBjoXBp89JvIKIefqw7U2CCebsc74kiY6awiGogKtoSGbgjYE/G/+l9sF3MWFPNc9IcoOC4ODfKHfxFmp0g==
  dependencies:
    dunder-proto "^1.0.1"
    es-object-atoms "^1.0.0"

gopd@^1.2.0:
  version "1.2.0"
  resolved "https://registry.yarnpkg.com/gopd/-/gopd-1.2.0.tgz#89f56b8217bdbc8802bd299df6d7f1081d7e51a1"
  integrity sha512-ZUKRh6/kUFoAiTAtTYPZJ3hw9wNxx+BIBOijnlG9PnrJsCcSjs1wyyD6vJpaYtgnzDrKYRSqf3OO6Rfa93xsRg==

has-symbols@^1.1.0:
  version "1.1.0"
  resolved "https://registry.yarnpkg.com/has-symbols/-/has-symbols-1.1.0.tgz#fc9c6a783a084951d0b971fe1018de813707a338"
  integrity sha512-1cDNdwJ2Jaohmb3sg4OmKaMBwuC48sYni5HUw2DvsC8LjGTLK9h+eb1X6RyuOHe4hT0ULCW68iomhjUoKUqlPQ==

hasown@^2.0.2:
  version "2.0.2"
  resolved "https://registry.yarnpkg.com/hasown/-/hasown-2.0.2.tgz#003eaf91be7adc372e84ec59dc37252cedb80003"
  integrity sha512-0hJU9SCPvmMzIBdZFqNPXWa6dqh7WdH0cII9y+CyS8rG3nL48Bclra9HmKhVVUHyPWNH5Y7xDwAB7bfgSjkUMQ==
  dependencies:
    function-bind "^1.1.2"

ismobilejs@^1.1.0:
  version "1.1.1"
  resolved "https://registry.yarnpkg.com/ismobilejs/-/ismobilejs-1.1.1.tgz#c56ca0ae8e52b24ca0f22ba5ef3215a2ddbbaa0e"
  integrity sha512-VaFW53yt8QO61k2WJui0dHf4SlL8lxBofUuUmwBo0ljPk0Drz2TiuDW4jo3wDcv41qy/SxrJ+VAzJ/qYqsmzRw==

math-intrinsics@^1.1.0:
  version "1.1.0"
  resolved "https://registry.yarnpkg.com/math-intrinsics/-/math-intrinsics-1.1.0.tgz#a0dd74be81e2aa5c2f27e65ce283605ee4e2b7f9"
  integrity sha512-/IXtbwEk5HTPyEwyKX6hGkYXxM9nbj64B+ilVJnC/R6B0pH5G4V3b0pVbL7DBj4tkhBAppbQUlf6F6Xl9LHu1g==

nanoid@^3.3.8:
  version "3.3.11"
  resolved "https://registry.yarnpkg.com/nanoid/-/nanoid-3.3.11.tgz#4f4f112cefbe303202f2199838128936266d185b"
  integrity sha512-N8SpfPUnUp1bK+PMYW8qSWdl9U+wwNWI4QKxOYDy9JAro3WMX7p2OeVRF9v+347pnakNevPmiHhNmZ2HbFA76w==

object-inspect@^1.13.3:
  version "1.13.4"
  resolved "https://registry.yarnpkg.com/object-inspect/-/object-inspect-1.13.4.tgz#8375265e21bc20d0fa582c22e1b13485d6e00213"
  integrity sha512-W67iLl4J2EXEGTbfeHCffrjDfitvLANg0UlX3wFUUSTx92KXRFegMHUVgSqE+wvhAbi4WqjGg9czysTV2Epbew==

picocolors@^1.1.1:
  version "1.1.1"
  resolved "https://registry.yarnpkg.com/picocolors/-/picocolors-1.1.1.tgz#3d321af3eab939b083c8f929a1d12cda81c26b6b"
  integrity sha512-xceH2snhtb5M9liqDsmEw56le376mTZkEX/jEb/RxNFyegNul7eNslCXP9FDj/Lcu0X8KEyMceP2ntpaHrDEVA==

picomatch@^4.0.2:
  version "4.0.2"
  resolved "https://registry.yarnpkg.com/picomatch/-/picomatch-4.0.2.tgz#77c742931e8f3b8820946c76cd0c1f13730d1dab"
  integrity sha512-M7BAV6Rlcy5u+m6oPhAPFgJTzAioX/6B0DxyvDlo9l8+T3nLKbrczg2WLUyzd45L8RqfUMyGPzekbMvX2Ldkwg==

pixi.js@7:
  version "7.4.3"
  resolved "https://registry.yarnpkg.com/pixi.js/-/pixi.js-7.4.3.tgz#096424e254debcb4fe106c162d56a05cea77d4b6"
  integrity sha512-uIWdH0EI2dVgNoqN9aFaHCmR0V65OEhMkXs2sek3c/QP2ItV6UoM+ouX9esSv3ibo20F+J5D1XwnQhUZI6wqeQ==
  dependencies:
    "@pixi/accessibility" "7.4.3"
    "@pixi/app" "7.4.3"
    "@pixi/assets" "7.4.3"
    "@pixi/compressed-textures" "7.4.3"
    "@pixi/core" "7.4.3"
    "@pixi/display" "7.4.3"
    "@pixi/events" "7.4.3"
    "@pixi/extensions" "7.4.3"
    "@pixi/extract" "7.4.3"
    "@pixi/filter-alpha" "7.4.3"
    "@pixi/filter-blur" "7.4.3"
    "@pixi/filter-color-matrix" "7.4.3"
    "@pixi/filter-displacement" "7.4.3"
    "@pixi/filter-fxaa" "7.4.3"
    "@pixi/filter-noise" "7.4.3"
    "@pixi/graphics" "7.4.3"
    "@pixi/mesh" "7.4.3"
    "@pixi/mesh-extras" "7.4.3"
    "@pixi/mixin-cache-as-bitmap" "7.4.3"
    "@pixi/mixin-get-child-by-name" "7.4.3"
    "@pixi/mixin-get-global-position" "7.4.3"
    "@pixi/particle-container" "7.4.3"
    "@pixi/prepare" "7.4.3"
    "@pixi/sprite" "7.4.3"
    "@pixi/sprite-animated" "7.4.3"
    "@pixi/sprite-tiling" "7.4.3"
    "@pixi/spritesheet" "7.4.3"
    "@pixi/text" "7.4.3"
    "@pixi/text-bitmap" "7.4.3"
    "@pixi/text-html" "7.4.3"

postcss@^8.5.3:
  version "8.5.3"
  resolved "https://registry.yarnpkg.com/postcss/-/postcss-8.5.3.tgz#1463b6f1c7fb16fe258736cba29a2de35237eafb"
  integrity sha512-dle9A3yYxlBSrt8Fu+IpjGT8SY8hN0mlaA6GY8t0P5PjIOZemULz/E2Bnm/2dcUOena75OTNkHI76uZBNUUq3A==
  dependencies:
    nanoid "^3.3.8"
    picocolors "^1.1.1"
    source-map-js "^1.2.1"

punycode@^1.4.1:
  version "1.4.1"
  resolved "https://registry.yarnpkg.com/punycode/-/punycode-1.4.1.tgz#c0d5a63b2718800ad8e1eb0fa5269c84dd41845e"
  integrity sha512-jmYNElW7yvO7TV33CjSmvSiE2yco3bV2czu/OzDKdMNVZQWfxCblURLhf+47syQRBntjfLdd/H0egrzIG+oaFQ==

qs@^6.12.3:
  version "6.14.0"
  resolved "https://registry.yarnpkg.com/qs/-/qs-6.14.0.tgz#c63fa40680d2c5c941412a0e899c89af60c0a930"
  integrity sha512-YWWTjgABSKcvs/nWBi9PycY/JiPJqOD4JA6o9Sej2AtvSGarXxKC3OQSk4pAarbdQlKAh5D4FCQkJNkW+GAn3w==
  dependencies:
    side-channel "^1.1.0"

rollup@^4.34.9:
  version "4.41.0"
  resolved "https://registry.yarnpkg.com/rollup/-/rollup-4.41.0.tgz#17476835d2967759e3ffebe5823ed15fc4b7d13e"
  integrity sha512-HqMFpUbWlf/tvcxBFNKnJyzc7Lk+XO3FGc3pbNBLqEbOz0gPLRgcrlS3UF4MfUrVlstOaP/q0kM6GVvi+LrLRg==
  dependencies:
    "@types/estree" "1.0.7"
  optionalDependencies:
    "@rollup/rollup-android-arm-eabi" "4.41.0"
    "@rollup/rollup-android-arm64" "4.41.0"
    "@rollup/rollup-darwin-arm64" "4.41.0"
    "@rollup/rollup-darwin-x64" "4.41.0"
    "@rollup/rollup-freebsd-arm64" "4.41.0"
    "@rollup/rollup-freebsd-x64" "4.41.0"
    "@rollup/rollup-linux-arm-gnueabihf" "4.41.0"
    "@rollup/rollup-linux-arm-musleabihf" "4.41.0"
    "@rollup/rollup-linux-arm64-gnu" "4.41.0"
    "@rollup/rollup-linux-arm64-musl" "4.41.0"
    "@rollup/rollup-linux-loongarch64-gnu" "4.41.0"
    "@rollup/rollup-linux-powerpc64le-gnu" "4.41.0"
    "@rollup/rollup-linux-riscv64-gnu" "4.41.0"
    "@rollup/rollup-linux-riscv64-musl" "4.41.0"
    "@rollup/rollup-linux-s390x-gnu" "4.41.0"
    "@rollup/rollup-linux-x64-gnu" "4.41.0"
    "@rollup/rollup-linux-x64-musl" "4.41.0"
    "@rollup/rollup-win32-arm64-msvc" "4.41.0"
    "@rollup/rollup-win32-ia32-msvc" "4.41.0"
    "@rollup/rollup-win32-x64-msvc" "4.41.0"
    fsevents "~2.3.2"

side-channel-list@^1.0.0:
  version "1.0.0"
  resolved "https://registry.yarnpkg.com/side-channel-list/-/side-channel-list-1.0.0.tgz#10cb5984263115d3b7a0e336591e290a830af8ad"
  integrity sha512-FCLHtRD/gnpCiCHEiJLOwdmFP+wzCmDEkc9y7NsYxeF4u7Btsn1ZuwgwJGxImImHicJArLP4R0yX4c2KCrMrTA==
  dependencies:
    es-errors "^1.3.0"
    object-inspect "^1.13.3"

side-channel-map@^1.0.1:
  version "1.0.1"
  resolved "https://registry.yarnpkg.com/side-channel-map/-/side-channel-map-1.0.1.tgz#d6bb6b37902c6fef5174e5f533fab4c732a26f42"
  integrity sha512-VCjCNfgMsby3tTdo02nbjtM/ewra6jPHmpThenkTYh8pG9ucZ/1P8So4u4FGBek/BjpOVsDCMoLA/iuBKIFXRA==
  dependencies:
    call-bound "^1.0.2"
    es-errors "^1.3.0"
    get-intrinsic "^1.2.5"
    object-inspect "^1.13.3"

side-channel-weakmap@^1.0.2:
  version "1.0.2"
  resolved "https://registry.yarnpkg.com/side-channel-weakmap/-/side-channel-weakmap-1.0.2.tgz#11dda19d5368e40ce9ec2bdc1fb0ecbc0790ecea"
  integrity sha512-WPS/HvHQTYnHisLo9McqBHOJk2FkHO/tlpvldyrnem4aeQp4hai3gythswg6p01oSoTl58rcpiFAjF2br2Ak2A==
  dependencies:
    call-bound "^1.0.2"
    es-errors "^1.3.0"
    get-intrinsic "^1.2.5"
    object-inspect "^1.13.3"
    side-channel-map "^1.0.1"

side-channel@^1.1.0:
  version "1.1.0"
  resolved "https://registry.yarnpkg.com/side-channel/-/side-channel-1.1.0.tgz#c3fcff9c4da932784873335ec9765fa94ff66bc9"
  integrity sha512-ZX99e6tRweoUXqR+VBrslhda51Nh5MTQwou5tnUDgbtyM0dBgmhEDtWGP/xbKn6hqfPRHujUNwz5fy/wbbhnpw==
  dependencies:
    es-errors "^1.3.0"
    object-inspect "^1.13.3"
    side-channel-list "^1.0.0"
    side-channel-map "^1.0.1"
    side-channel-weakmap "^1.0.2"

source-map-js@^1.2.1:
  version "1.2.1"
  resolved "https://registry.yarnpkg.com/source-map-js/-/source-map-js-1.2.1.tgz#1ce5650fddd87abc099eda37dcff024c2667ae46"
  integrity sha512-UXWMKhLOwVKb728IUtQPXxfYU+usdybtUrK/8uGE8CQMvrhOpwvzDBwj0QhSL7MQc7vIsISBG8VQ8+IDQxpfQA==

tinyglobby@^0.2.13:
  version "0.2.13"
  resolved "https://registry.yarnpkg.com/tinyglobby/-/tinyglobby-0.2.13.tgz#a0e46515ce6cbcd65331537e57484af5a7b2ff7e"
  integrity sha512-mEwzpUgrLySlveBwEVDMKk5B57bhLPYovRfPAXD5gA/98Opn0rCDj3GtLwFvCvH5RK9uPCExUROW5NjDwvqkxw==
  dependencies:
    fdir "^6.4.4"
    picomatch "^4.0.2"

typescript@~5.8.3:
  version "5.8.3"
  resolved "https://registry.yarnpkg.com/typescript/-/typescript-5.8.3.tgz#92f8a3e5e3cf497356f4178c34cd65a7f5e8440e"
  integrity sha512-p1diW6TqL9L07nNxvRMM7hMMw4c5XOo/1ibL4aAIGmSAt9slTE1Xgw5KWuof2uTOvCg9BY7ZRi+GaF+7sfgPeQ==

undici-types@~6.21.0:
  version "6.21.0"
  resolved "https://registry.yarnpkg.com/undici-types/-/undici-types-6.21.0.tgz#691d00af3909be93a7faa13be61b3a5b50ef12cb"
  integrity sha512-iwDZqg0QAGrg9Rav5H4n0M64c3mkR59cJ6wQp+7C4nI0gsmExaedaYLNO44eT4AtBBwjbTiGPMlt2Md0T9H9JQ==

url@^0.11.0:
  version "0.11.4"
  resolved "https://registry.yarnpkg.com/url/-/url-0.11.4.tgz#adca77b3562d56b72746e76b330b7f27b6721f3c"
  integrity sha512-oCwdVC7mTuWiPyjLUz/COz5TLk6wgp0RCsN+wHZ2Ekneac9w8uuV0njcbbie2ME+Vs+d6duwmYuR3HgQXs1fOg==
  dependencies:
    punycode "^1.4.1"
    qs "^6.12.3"

vite@^6.3.5:
  version "6.3.5"
  resolved "https://registry.yarnpkg.com/vite/-/vite-6.3.5.tgz#fec73879013c9c0128c8d284504c6d19410d12a3"
  integrity sha512-cZn6NDFE7wdTpINgs++ZJ4N49W2vRp8LCKrn3Ob1kYNtOo21vfDoaV5GzBfLU4MovSAB8uNRm4jgzVQZ+mBzPQ==
  dependencies:
    esbuild "^0.25.0"
    fdir "^6.4.4"
    picomatch "^4.0.2"
    postcss "^8.5.3"
    rollup "^4.34.9"
    tinyglobby "^0.2.13"
  optionalDependencies:
    fsevents "~2.3.3"
